
Microsoft Visual Studio Solution File, Format Version 12.00
# Visual Studio Version 16
VisualStudioVersion = 16.0.31702.278
MinimumVisualStudioVersion = 10.0.40219.1
Project("{FAE04EC0-301F-11D3-BF4B-00C04F79EFBC}") = "WeatherWindowsForm", "WheatherWindowsForm\WeatherWindowsForm.csproj", "{DCC47679-CAD2-4EB7-8B39-C5CBCFF1D781}"
EndProject
Global
	GlobalSection(SolutionConfigurationPlatforms) = preSolution
		Debug|Any CPU = Debug|Any CPU
		Release|Any CPU = Release|Any CPU
	EndGlobalSection
	GlobalSection(ProjectConfigurationPlatforms) = postSolution
		{DCC47679-CAD2-4EB7-8B39-C5CBCFF1D781}.Debug|Any CPU.ActiveCfg = Debug|Any CPU
		{DCC47679-CAD2-4EB7-8B39-C5CBCFF1D781}.Debug|Any CPU.Build.0 = Debug|Any CPU
		{DCC47679-CAD2-4EB7-8B39-C5CBCFF1D781}.Release|Any CPU.ActiveCfg = Release|Any CPU
		{DCC47679-CAD2-4EB7-8B39-C5CBCFF1D781}.Release|Any CPU.Build.0 = Release|Any CPU
	EndGlobalSection
	GlobalSection(SolutionProperties) = preSolution
		HideSolutionNode = FALSE
	EndGlobalSection
	GlobalSection(ExtensibilityGlobals) = postSolution
		SolutionGuid = {0DE411A0-0CEB-47A7-9666-81A040F30FCD}
	EndGlobalSection
EndGlobal
